
Microsoft Visual Studio Solution File, Format Version 12.00
# Visual Studio 15
VisualStudioVersion = 15.0.27130.2036
MinimumVisualStudioVersion = 10.0.40219.1
Project("{FAE04EC0-301F-11D3-BF4B-00C04F79EFBC}") = "ParkManagement2", "ParkManagement2\ParkManagement2.csproj", "{0A09471A-968C-49AF-9288-297DD7B35EFE}"
EndProject
Project("{FAE04EC0-301F-11D3-BF4B-00C04F79EFBC}") = "ParkDomain", "ParkDomain\ParkDomain.csproj", "{0865F35D-6F2C-4660-8591-D32E1C89E111}"
EndProject
Global
	GlobalSection(SolutionConfigurationPlatforms) = preSolution
		Debug|Any CPU = Debug|Any CPU
		Release|Any CPU = Release|Any CPU
	EndGlobalSection
	GlobalSection(ProjectConfigurationPlatforms) = postSolution
		{0A09471A-968C-49AF-9288-297DD7B35EFE}.Debug|Any CPU.ActiveCfg = Debug|Any CPU
		{0A09471A-968C-49AF-9288-297DD7B35EFE}.Debug|Any CPU.Build.0 = Debug|Any CPU
		{0A09471A-968C-49AF-9288-297DD7B35EFE}.Release|Any CPU.ActiveCfg = Release|Any CPU
		{0A09471A-968C-49AF-9288-297DD7B35EFE}.Release|Any CPU.Build.0 = Release|Any CPU
		{0865F35D-6F2C-4660-8591-D32E1C89E111}.Debug|Any CPU.ActiveCfg = Debug|Any CPU
		{0865F35D-6F2C-4660-8591-D32E1C89E111}.Debug|Any CPU.Build.0 = Debug|Any CPU
		{0865F35D-6F2C-4660-8591-D32E1C89E111}.Release|Any CPU.ActiveCfg = Release|Any CPU
		{0865F35D-6F2C-4660-8591-D32E1C89E111}.Release|Any CPU.Build.0 = Release|Any CPU
	EndGlobalSection
	GlobalSection(SolutionProperties) = preSolution
		HideSolutionNode = FALSE
	EndGlobalSection
	GlobalSection(ExtensibilityGlobals) = postSolution
		SolutionGuid = {50B32E8C-2E52-4E1A-B854-A5BAD94ECD65}
	EndGlobalSection
EndGlobal
